
Microsoft Visual Studio Solution File, Format Version 12.00
# Visual Studio Version 16
VisualStudioVersion = 16.0.31729.503
MinimumVisualStudioVersion = 10.0.40219.1
Project("{2150E333-8FDC-42A3-9474-1A3956D46DE8}") = "Library", "Library", "{681C45FB-103C-48BC-B992-20C5B6B78F92}"
EndProject
Project("{2150E333-8FDC-42A3-9474-1A3956D46DE8}") = "Build", "Build", "{CB51F03F-49BD-4B79-8AD4-67962230E76B}"
	ProjectSection(SolutionItems) = preProject
		..\.gitignore = ..\.gitignore
		..\build.proj = ..\build.proj
		..\dev-build-push.bat = ..\dev-build-push.bat
		..\dev-build.bat = ..\dev-build.bat
		..\README.md = ..\README.md
		..\release-build-push.bat = ..\release-build-push.bat
		..\release-build.bat = ..\release-build.bat
		SharedAssemblyInfo.cs = SharedAssemblyInfo.cs
		template.nuspec = template.nuspec
	EndProjectSection
EndProject
Project("{2150E333-8FDC-42A3-9474-1A3956D46DE8}") = ".nuget", ".nuget", "{F2875D3A-0C8A-439B-B734-ECABA00AC629}"
	ProjectSection(SolutionItems) = preProject
		.nuget\packages.config = .nuget\packages.config
	EndProjectSection
EndProject
Project("{FAE04EC0-301F-11D3-BF4B-00C04F79EFBC}") = "React.Core", "React.Core\React.Core.csproj", "{D0CC8A22-CEE6-485C-924B-1F94426FEA59}"
EndProject
Project("{FAE04EC0-301F-11D3-BF4B-00C04F79EFBC}") = "React.Web", "React.Web\React.Web.csproj", "{134EDD16-8DC8-4983-A2E0-B38DAB1ECF1C}"
EndProject
Project("{FAE04EC0-301F-11D3-BF4B-00C04F79EFBC}") = "React.Web.Mvc4", "React.Web.Mvc4\React.Web.Mvc4.csproj", "{662D52AC-1EE9-4372-BD74-379F9AC56451}"
EndProject
Project("{FAE04EC0-301F-11D3-BF4B-00C04F79EFBC}") = "System.Web.Optimization.React", "System.Web.Optimization.React\System.Web.Optimization.React.csproj", "{889CEF81-75D6-4BAB-8E2C-B64B7CA97C77}"
EndProject
Project("{FAE04EC0-301F-11D3-BF4B-00C04F79EFBC}") = "React.Web.Mvc3", "React.Web.Mvc3\React.Web.Mvc3.csproj", "{6B05AF58-BA85-45A9-97AE-88B6B21317D7}"
EndProject
Project("{FAE04EC0-301F-11D3-BF4B-00C04F79EFBC}") = "React.MSBuild", "React.MSBuild\React.MSBuild.csproj", "{AF531A37-B93F-4113-9C2C-4DB28064B926}"
EndProject
Project("{FAE04EC0-301F-11D3-BF4B-00C04F79EFBC}") = "React.Owin", "React.Owin\React.Owin.csproj", "{C3BF8D49-B7CC-4D7F-B0F0-A94347C595EA}"
EndProject
Global
	GlobalSection(SolutionConfigurationPlatforms) = preSolution
		Debug|Any CPU = Debug|Any CPU
		Release|Any CPU = Release|Any CPU
	EndGlobalSection
	GlobalSection(ProjectConfigurationPlatforms) = postSolution
		{D0CC8A22-CEE6-485C-924B-1F94426FEA59}.Debug|Any CPU.ActiveCfg = Debug|Any CPU
		{D0CC8A22-CEE6-485C-924B-1F94426FEA59}.Debug|Any CPU.Build.0 = Debug|Any CPU
		{D0CC8A22-CEE6-485C-924B-1F94426FEA59}.Release|Any CPU.ActiveCfg = Release|Any CPU
		{D0CC8A22-CEE6-485C-924B-1F94426FEA59}.Release|Any CPU.Build.0 = Release|Any CPU
		{134EDD16-8DC8-4983-A2E0-B38DAB1ECF1C}.Debug|Any CPU.ActiveCfg = Debug|Any CPU
		{134EDD16-8DC8-4983-A2E0-B38DAB1ECF1C}.Debug|Any CPU.Build.0 = Debug|Any CPU
		{134EDD16-8DC8-4983-A2E0-B38DAB1ECF1C}.Release|Any CPU.ActiveCfg = Release|Any CPU
		{134EDD16-8DC8-4983-A2E0-B38DAB1ECF1C}.Release|Any CPU.Build.0 = Release|Any CPU
		{662D52AC-1EE9-4372-BD74-379F9AC56451}.Debug|Any CPU.ActiveCfg = Debug|Any CPU
		{662D52AC-1EE9-4372-BD74-379F9AC56451}.Debug|Any CPU.Build.0 = Debug|Any CPU
		{662D52AC-1EE9-4372-BD74-379F9AC56451}.Release|Any CPU.ActiveCfg = Release|Any CPU
		{662D52AC-1EE9-4372-BD74-379F9AC56451}.Release|Any CPU.Build.0 = Release|Any CPU
		{889CEF81-75D6-4BAB-8E2C-B64B7CA97C77}.Debug|Any CPU.ActiveCfg = Debug|Any CPU
		{889CEF81-75D6-4BAB-8E2C-B64B7CA97C77}.Debug|Any CPU.Build.0 = Debug|Any CPU
		{889CEF81-75D6-4BAB-8E2C-B64B7CA97C77}.Release|Any CPU.ActiveCfg = Release|Any CPU
		{889CEF81-75D6-4BAB-8E2C-B64B7CA97C77}.Release|Any CPU.Build.0 = Release|Any CPU
		{6B05AF58-BA85-45A9-97AE-88B6B21317D7}.Debug|Any CPU.ActiveCfg = Debug|Any CPU
		{6B05AF58-BA85-45A9-97AE-88B6B21317D7}.Debug|Any CPU.Build.0 = Debug|Any CPU
		{6B05AF58-BA85-45A9-97AE-88B6B21317D7}.Release|Any CPU.ActiveCfg = Release|Any CPU
		{6B05AF58-BA85-45A9-97AE-88B6B21317D7}.Release|Any CPU.Build.0 = Release|Any CPU
		{AF531A37-B93F-4113-9C2C-4DB28064B926}.Debug|Any CPU.ActiveCfg = Debug|Any CPU
		{AF531A37-B93F-4113-9C2C-4DB28064B926}.Debug|Any CPU.Build.0 = Debug|Any CPU
		{AF531A37-B93F-4113-9C2C-4DB28064B926}.Release|Any CPU.ActiveCfg = Release|Any CPU
		{AF531A37-B93F-4113-9C2C-4DB28064B926}.Release|Any CPU.Build.0 = Release|Any CPU
		{C3BF8D49-B7CC-4D7F-B0F0-A94347C595EA}.Debug|Any CPU.ActiveCfg = Debug|Any CPU
		{C3BF8D49-B7CC-4D7F-B0F0-A94347C595EA}.Debug|Any CPU.Build.0 = Debug|Any CPU
		{C3BF8D49-B7CC-4D7F-B0F0-A94347C595EA}.Release|Any CPU.ActiveCfg = Release|Any CPU
		{C3BF8D49-B7CC-4D7F-B0F0-A94347C595EA}.Release|Any CPU.Build.0 = Release|Any CPU
	EndGlobalSection
	GlobalSection(SolutionProperties) = preSolution
		HideSolutionNode = FALSE
	EndGlobalSection
	GlobalSection(NestedProjects) = preSolution
		{D0CC8A22-CEE6-485C-924B-1F94426FEA59} = {681C45FB-103C-48BC-B992-20C5B6B78F92}
		{134EDD16-8DC8-4983-A2E0-B38DAB1ECF1C} = {681C45FB-103C-48BC-B992-20C5B6B78F92}
		{662D52AC-1EE9-4372-BD74-379F9AC56451} = {681C45FB-103C-48BC-B992-20C5B6B78F92}
		{889CEF81-75D6-4BAB-8E2C-B64B7CA97C77} = {681C45FB-103C-48BC-B992-20C5B6B78F92}
		{6B05AF58-BA85-45A9-97AE-88B6B21317D7} = {681C45FB-103C-48BC-B992-20C5B6B78F92}
		{AF531A37-B93F-4113-9C2C-4DB28064B926} = {681C45FB-103C-48BC-B992-20C5B6B78F92}
		{C3BF8D49-B7CC-4D7F-B0F0-A94347C595EA} = {681C45FB-103C-48BC-B992-20C5B6B78F92}
	EndGlobalSection
	GlobalSection(ExtensibilityGlobals) = postSolution
		SolutionGuid = {1D55B059-715A-44F8-81EB-7C79157F55BE}
	EndGlobalSection
EndGlobal
